hash: 8675af2a067c6901b7d53109eb253d3baa97976aea64498b7c412e0f0299092a
updated: 2017-07-16T00:07:26.215662441+09:00
imports:
- name: github.com/jessevdk/go-flags
  version: 75a96bc41ad20ec6cef90037b017c7645bb1a3fe
- name: github.com/mattn/go-sqlite3
  version: 47fc4e5e9153645da45af6a86a5bce95e63a0f9e
- name: github.com/naoina/genmai
  version: 78583835e1e41e3938e1ddfffd7101f8ad27fae0
- name: github.com/naoina/go-stringutil
  version: 6b638e95a32d0c1131db0e7fe83775cbea4a0d0b
- name: github.com/nu7hatch/gouuid
  version: 179d4d0c4d8d407a32af483c2354df1d2c91e6c3
- name: github.com/pkg/errors
  version: c605e284fe17294bda444b34710735b29d1a9d90
- name: github.com/Sirupsen/logrus
  version: 51dc0fc64317a2861273909081f9c315786533eb
- name: golang.org/x/net
  version: f01ecb60fe3835d80d9a0b7b2bf24b228c89260e
  subpackages:
  - context
- name: golang.org/x/sys
  version: 4cd6d1a821c7175768725b55ca82f14683a29ea4
  subpackages:
  - unix
testImports: []
